// !$*UTF8*$!
{
	archiveVersion = 1;
	classes = {
	};
	objectVersion = 48;
	objects = {

/* Begin PBXBuildFile section */
		1CA4C9A582F3C1C1FD372ECD /* Pods_FoodTrackerTests.framework in Frameworks */ = {isa = PBXBuildFile; fileRef = 502129FEFEB0DA113F2348AC /* Pods_FoodTrackerTests.framework */; };
		593804088CE0AA1F158D8479 /* Pods_FoodTracker.framework in Frameworks */ = {isa = PBXBuildFile; fileRef = A79F2C8E3738BF00C9602E6D /* Pods_FoodTracker.framework */; };
		652FAB7A205C150F009AB880 /* AppDelegate.swift in Sources */ = {isa = PBXBuildFile; fileRef = 652FAB79205C150F009AB880 /* AppDelegate.swift */; };
		652FAB7C205C150F009AB880 /* ViewController.swift in Sources */ = {isa = PBXBuildFile; fileRef = 652FAB7B205C150F009AB880 /* ViewController.swift */; };
		652FAB7F205C150F009AB880 /* Main.storyboard in Resources */ = {isa = PBXBuildFile; fileRef = 652FAB7D205C150F009AB880 /* Main.storyboard */; };
		652FAB81205C150F009AB880 /* Assets.xcassets in Resources */ = {isa = PBXBuildFile; fileRef = 652FAB80205C150F009AB880 /* Assets.xcassets */; };
		652FAB84205C150F009AB880 /* LaunchScreen.storyboard in Resources */ = {isa = PBXBuildFile; fileRef = 652FAB82205C150F009AB880 /* LaunchScreen.storyboard */; };
		652FAB8F205C150F009AB880 /* FoodTrackerTests.swift in Sources */ = {isa = PBXBuildFile; fileRef = 652FAB8E205C150F009AB880 /* FoodTrackerTests.swift */; };
		65437CFA205E719C00E4D2B1 /* Podfile in Resources */ = {isa = PBXBuildFile; fileRef = 65437CF9205E719C00E4D2B1 /* Podfile */; };
		654F13EC20615631000B35D9 /* MealTableViewCell.swift in Sources */ = {isa = PBXBuildFile; fileRef = 654F13EB20615631000B35D9 /* MealTableViewCell.swift */; };
		654F13ED20615631000B35D9 /* MealTableViewCell.swift in Sources */ = {isa = PBXBuildFile; fileRef = 654F13EB20615631000B35D9 /* MealTableViewCell.swift */; };
		655B89B620603A030097F0AC /* Meal.swift in Sources */ = {isa = PBXBuildFile; fileRef = 655B89B520603A030097F0AC /* Meal.swift */; };
		65BFEA75205EE30E007CFF94 /* RatingControl.swift in Sources */ = {isa = PBXBuildFile; fileRef = 65BFEA74205EE30E007CFF94 /* RatingControl.swift */; };
		65EFABB3205D3C77007783CE /* FoodTrackerUITests.swift in Sources */ = {isa = PBXBuildFile; fileRef = 65EFABB2205D3C77007783CE /* FoodTrackerUITests.swift */; };
		69284F4B83F1F05D3BD5D79A /* Pods_FoodTrackerUITests.framework in Frameworks */ = {isa = PBXBuildFile; fileRef = 9A22F92FB943BD7385A39DFA /* Pods_FoodTrackerUITests.framework */; };
/* End PBXBuildFile section */

/* Begin PBXContainerItemProxy section */
		652FAB8B205C150F009AB880 /* PBXContainerItemProxy */ = {
			isa = PBXContainerItemProxy;
			containerPortal = 652FAB6E205C150F009AB880 /* Project object */;
			proxyType = 1;
			remoteGlobalIDString = 652FAB75205C150F009AB880;
			remoteInfo = FoodTracker;
		};
		65EFABB5205D3C77007783CE /* PBXContainerItemProxy */ = {
			isa = PBXContainerItemProxy;
			containerPortal = 652FAB6E205C150F009AB880 /* Project object */;
			proxyType = 1;
			remoteGlobalIDString = 652FAB75205C150F009AB880;
			remoteInfo = FoodTracker;
		};
/* End PBXContainerItemProxy section */

/* Begin PBXFileReference section */
		071B7D8C96919BECF7C08A97 /* Pods-FoodTrackerUITests.debug.xcconfig */ = {isa = PBXFileReference; includeInIndex = 1; lastKnownFileType = text.xcconfig; name = "Pods-FoodTrackerUITests.debug.xcconfig"; path = "Pods/Target Support Files/Pods-FoodTrackerUITests/Pods-FoodTrackerUITests.debug.xcconfig"; sourceTree = "<group>"; };
		15CA51ED90DCED4F2B3968A7 /* Pods-FoodTrackerTests.debug.xcconfig */ = {isa = PBXFileReference; includeInIndex = 1; lastKnownFileType = text.xcconfig; name = "Pods-FoodTrackerTests.debug.xcconfig"; path = "Pods/Target Support Files/Pods-FoodTrackerTests/Pods-FoodTrackerTests.debug.xcconfig"; sourceTree = "<group>"; };
		502129FEFEB0DA113F2348AC /* Pods_FoodTrackerTests.framework */ = {isa = PBXFileReference; explicitFileType = wrapper.framework; includeInIndex = 0; path = Pods_FoodTrackerTests.framework; sourceTree = BUILT_PRODUCTS_DIR; };
		514E54277A561AB422B85C92 /* Pods-FoodTrackerTests.release.xcconfig */ = {isa = PBXFileReference; includeInIndex = 1; lastKnownFileType = text.xcconfig; name = "Pods-FoodTrackerTests.release.xcconfig"; path = "Pods/Target Support Files/Pods-FoodTrackerTests/Pods-FoodTrackerTests.release.xcconfig"; sourceTree = "<group>"; };
		5AF1906422CE4CAA8B311B6A /* Pods-FoodTrackerUITests.release.xcconfig */ = {isa = PBXFileReference; includeInIndex = 1; lastKnownFileType = text.xcconfig; name = "Pods-FoodTrackerUITests.release.xcconfig"; path = "Pods/Target Support Files/Pods-FoodTrackerUITests/Pods-FoodTrackerUITests.release.xcconfig"; sourceTree = "<group>"; };
		652FAB76205C150F009AB880 /* FoodTracker.app */ = {isa = PBXFileReference; explicitFileType = wrapper.application; includeInIndex = 0; path = FoodTracker.app; sourceTree = BUILT_PRODUCTS_DIR; };
		652FAB79205C150F009AB880 /* AppDelegate.swift */ = {isa = PBXFileReference; lastKnownFileType = sourcecode.swift; path = AppDelegate.swift; sourceTree = "<group>"; };
		652FAB7B205C150F009AB880 /* ViewController.swift */ = {isa = PBXFileReference; lastKnownFileType = sourcecode.swift; path = ViewController.swift; sourceTree = "<group>"; };
		652FAB7E205C150F009AB880 /* Base */ = {isa = PBXFileReference; lastKnownFileType = file.storyboard; name = Base; path = Base.lproj/Main.storyboard; sourceTree = "<group>"; };
		652FAB80205C150F009AB880 /* Assets.xcassets */ = {isa = PBXFileReference; lastKnownFileType = folder.assetcatalog; path = Assets.xcassets; sourceTree = "<group>"; };
		652FAB83205C150F009AB880 /* Base */ = {isa = PBXFileReference; lastKnownFileType = file.storyboard; name = Base; path = Base.lproj/LaunchScreen.storyboard; sourceTree = "<group>"; };
		652FAB85205C150F009AB880 /* Info.plist */ = {isa = PBXFileReference; lastKnownFileType = text.plist.xml; path = Info.plist; sourceTree = "<group>"; };
		652FAB8A205C150F009AB880 /* FoodTrackerTests.xctest */ = {isa = PBXFileReference; explicitFileType = wrapper.cfbundle; includeInIndex = 0; path = FoodTrackerTests.xctest; sourceTree = BUILT_PRODUCTS_DIR; };
		652FAB8E205C150F009AB880 /* FoodTrackerTests.swift */ = {isa = PBXFileReference; lastKnownFileType = sourcecode.swift; path = FoodTrackerTests.swift; sourceTree = "<group>"; };
		652FAB90205C150F009AB880 /* Info.plist */ = {isa = PBXFileReference; lastKnownFileType = text.plist.xml; path = Info.plist; sourceTree = "<group>"; };
		65437CF9205E719C00E4D2B1 /* Podfile */ = {isa = PBXFileReference; fileEncoding = 4; lastKnownFileType = text; path = Podfile; sourceTree = "<group>"; xcLanguageSpecificationIdentifier = xcode.lang.ruby; };
		654F13EB20615631000B35D9 /* MealTableViewCell.swift */ = {isa = PBXFileReference; lastKnownFileType = sourcecode.swift; path = MealTableViewCell.swift; sourceTree = "<group>"; };
		655B89B520603A030097F0AC /* Meal.swift */ = {isa = PBXFileReference; lastKnownFileType = sourcecode.swift; path = Meal.swift; sourceTree = "<group>"; };
		65BFEA74205EE30E007CFF94 /* RatingControl.swift */ = {isa = PBXFileReference; lastKnownFileType = sourcecode.swift; path = RatingControl.swift; sourceTree = "<group>"; };
		65EFABB0205D3C77007783CE /* FoodTrackerUITests.xctest */ = {isa = PBXFileReference; explicitFileType = wrapper.cfbundle; includeInIndex = 0; path = FoodTrackerUITests.xctest; sourceTree = BUILT_PRODUCTS_DIR; };
		65EFABB2205D3C77007783CE /* FoodTrackerUITests.swift */ = {isa = PBXFileReference; lastKnownFileType = sourcecode.swift; path = FoodTrackerUITests.swift; sourceTree = "<group>"; };
		65EFABB4205D3C77007783CE /* Info.plist */ = {isa = PBXFileReference; lastKnownFileType = text.plist.xml; path = Info.plist; sourceTree = "<group>"; };
		9A22F92FB943BD7385A39DFA /* Pods_FoodTrackerUITests.framework */ = {isa = PBXFileReference; explicitFileType = wrapper.framework; includeInIndex = 0; path = Pods_FoodTrackerUITests.framework; sourceTree = BUILT_PRODUCTS_DIR; };
		A79F2C8E3738BF00C9602E6D /* Pods_FoodTracker.framework */ = {isa = PBXFileReference; explicitFileType = wrapper.framework; includeInIndex = 0; path = Pods_FoodTracker.framework; sourceTree = BUILT_PRODUCTS_DIR; };
		BA9928214F73FE1F263C1C9A /* Pods-FoodTracker.release.xcconfig */ = {isa = PBXFileReference; includeInIndex = 1; lastKnownFileType = text.xcconfig; name = "Pods-FoodTracker.release.xcconfig"; path = "Pods/Target Support Files/Pods-FoodTracker/Pods-FoodTracker.release.xcconfig"; sourceTree = "<group>"; };
		C5895B6C27DBB4CFC449D492 /* Pods-FoodTracker.debug.xcconfig */ = {isa = PBXFileReference; includeInIndex = 1; lastKnownFileType = text.xcconfig; name = "Pods-FoodTracker.debug.xcconfig"; path = "Pods/Target Support Files/Pods-FoodTracker/Pods-FoodTracker.debug.xcconfig"; sourceTree = "<group>"; };
/* End PBXFileReference section */

/* Begin PBXFrameworksBuildPhase section */
		652FAB73205C150F009AB880 /* Frameworks */ = {
			isa = PBXFrameworksBuildPhase;
			buildActionMask = 2147483647;
			files = (
				593804088CE0AA1F158D8479 /* Pods_FoodTracker.framework in Frameworks */,
			);
			runOnlyForDeploymentPostprocessing = 0;
		};
		652FAB87205C150F009AB880 /* Frameworks */ = {
			isa = PBXFrameworksBuildPhase;
			buildActionMask = 2147483647;
			files = (
				1CA4C9A582F3C1C1FD372ECD /* Pods_FoodTrackerTests.framework in Frameworks */,
			);
			runOnlyForDeploymentPostprocessing = 0;
		};
		65EFABAD205D3C77007783CE /* Frameworks */ = {
			isa = PBXFrameworksBuildPhase;
			buildActionMask = 2147483647;
			files = (
				69284F4B83F1F05D3BD5D79A /* Pods_FoodTrackerUITests.framework in Frameworks */,
			);
			runOnlyForDeploymentPostprocessing = 0;
		};
/* End PBXFrameworksBuildPhase section */

/* Begin PBXGroup section */
		10F89EC8C89A2809AAFB01F9 /* Pods */ = {
			isa = PBXGroup;
			children = (
				C5895B6C27DBB4CFC449D492 /* Pods-FoodTracker.debug.xcconfig */,
				BA9928214F73FE1F263C1C9A /* Pods-FoodTracker.release.xcconfig */,
				15CA51ED90DCED4F2B3968A7 /* Pods-FoodTrackerTests.debug.xcconfig */,
				514E54277A561AB422B85C92 /* Pods-FoodTrackerTests.release.xcconfig */,
				071B7D8C96919BECF7C08A97 /* Pods-FoodTrackerUITests.debug.xcconfig */,
				5AF1906422CE4CAA8B311B6A /* Pods-FoodTrackerUITests.release.xcconfig */,
			);
			name = Pods;
			sourceTree = "<group>";
		};
		1C56C5A2273DF777E06BB654 /* Frameworks */ = {
			isa = PBXGroup;
			children = (
				A79F2C8E3738BF00C9602E6D /* Pods_FoodTracker.framework */,
				502129FEFEB0DA113F2348AC /* Pods_FoodTrackerTests.framework */,
				9A22F92FB943BD7385A39DFA /* Pods_FoodTrackerUITests.framework */,
			);
			name = Frameworks;
			sourceTree = "<group>";
		};
		652FAB6D205C150F009AB880 = {
			isa = PBXGroup;
			children = (
				65437CF9205E719C00E4D2B1 /* Podfile */,
				652FAB78205C150F009AB880 /* FoodTracker */,
				652FAB8D205C150F009AB880 /* FoodTrackerTests */,
				65EFABB1205D3C77007783CE /* FoodTrackerUITests */,
				652FAB77205C150F009AB880 /* Products */,
				10F89EC8C89A2809AAFB01F9 /* Pods */,
				1C56C5A2273DF777E06BB654 /* Frameworks */,
			);
			sourceTree = "<group>";
		};
		652FAB77205C150F009AB880 /* Products */ = {
			isa = PBXGroup;
			children = (
				652FAB76205C150F009AB880 /* FoodTracker.app */,
				652FAB8A205C150F009AB880 /* FoodTrackerTests.xctest */,
				65EFABB0205D3C77007783CE /* FoodTrackerUITests.xctest */,
			);
			name = Products;
			sourceTree = "<group>";
		};
		652FAB78205C150F009AB880 /* FoodTracker */ = {
			isa = PBXGroup;
			children = (
				652FAB79205C150F009AB880 /* AppDelegate.swift */,
				652FAB7B205C150F009AB880 /* ViewController.swift */,
				65BFEA74205EE30E007CFF94 /* RatingControl.swift */,
				655B89B520603A030097F0AC /* Meal.swift */,
				652FAB7D205C150F009AB880 /* Main.storyboard */,
				652FAB80205C150F009AB880 /* Assets.xcassets */,
				652FAB82205C150F009AB880 /* LaunchScreen.storyboard */,
				652FAB85205C150F009AB880 /* Info.plist */,
				654F13EB20615631000B35D9 /* MealTableViewCell.swift */,
			);
			path = FoodTracker;
			sourceTree = "<group>";
		};
		652FAB8D205C150F009AB880 /* FoodTrackerTests */ = {
			isa = PBXGroup;
			children = (
				652FAB8E205C150F009AB880 /* FoodTrackerTests.swift */,
				652FAB90205C150F009AB880 /* Info.plist */,
			);
			path = FoodTrackerTests;
			sourceTree = "<group>";
		};
		65EFABB1205D3C77007783CE /* FoodTrackerUITests */ = {
			isa = PBXGroup;
			children = (
				65EFABB2205D3C77007783CE /* FoodTrackerUITests.swift */,
				65EFABB4205D3C77007783CE /* Info.plist */,
			);
			path = FoodTrackerUITests;
			sourceTree = "<group>";
		};
/* End PBXGroup section */

/* Begin PBXNativeTarget section */
		652FAB75205C150F009AB880 /* FoodTracker */ = {
			isa = PBXNativeTarget;
			buildConfigurationList = 652FAB93205C150F009AB880 /* Build configuration list for PBXNativeTarget "FoodTracker" */;
			buildPhases = (
				AF71D75105589965EA9EC486 /* [CP] Check Pods Manifest.lock */,
				652FAB72205C150F009AB880 /* Sources */,
				652FAB73205C150F009AB880 /* Frameworks */,
				652FAB74205C150F009AB880 /* Resources */,
				149F19BAC41478F54CA94999 /* [CP] Embed Pods Frameworks */,
				FCE2F04CC628423344EAC855 /* [CP] Copy Pods Resources */,
			);
			buildRules = (
			);
			dependencies = (
			);
			name = FoodTracker;
			productName = FoodTracker;
			productReference = 652FAB76205C150F009AB880 /* FoodTracker.app */;
			productType = "com.apple.product-type.application";
		};
		652FAB89205C150F009AB880 /* FoodTrackerTests */ = {
			isa = PBXNativeTarget;
			buildConfigurationList = 652FAB96205C150F009AB880 /* Build configuration list for PBXNativeTarget "FoodTrackerTests" */;
			buildPhases = (
				29A34396966DAAEE9768470F /* [CP] Check Pods Manifest.lock */,
				652FAB86205C150F009AB880 /* Sources */,
				652FAB87205C150F009AB880 /* Frameworks */,
				652FAB88205C150F009AB880 /* Resources */,
				3EE827FEB61CE60AEA6D71D2 /* [CP] Embed Pods Frameworks */,
				71FEB2B33BA712B67E3BB7E7 /* [CP] Copy Pods Resources */,
			);
			buildRules = (
			);
			dependencies = (
				652FAB8C205C150F009AB880 /* PBXTargetDependency */,
			);
			name = FoodTrackerTests;
			productName = FoodTrackerTests;
			productReference = 652FAB8A205C150F009AB880 /* FoodTrackerTests.xctest */;
			productType = "com.apple.product-type.bundle.unit-test";
		};
		65EFABAF205D3C77007783CE /* FoodTrackerUITests */ = {
			isa = PBXNativeTarget;
			buildConfigurationList = 65EFABB9205D3C77007783CE /* Build configuration list for PBXNativeTarget "FoodTrackerUITests" */;
			buildPhases = (
				C2C3F11C809B85DE3C78F86C /* [CP] Check Pods Manifest.lock */,
				65EFABAC205D3C77007783CE /* Sources */,
				65EFABAD205D3C77007783CE /* Frameworks */,
				65EFABAE205D3C77007783CE /* Resources */,
				B6459D9A37BD0F04B58CDDFB /* [CP] Embed Pods Frameworks */,
				EB2585843FB5F471FB9BDCE5 /* [CP] Copy Pods Resources */,
			);
			buildRules = (
			);
			dependencies = (
				65EFABB6205D3C77007783CE /* PBXTargetDependency */,
			);
			name = FoodTrackerUITests;
			productName = FoodTrackerUITests;
			productReference = 65EFABB0205D3C77007783CE /* FoodTrackerUITests.xctest */;
			productType = "com.apple.product-type.bundle.ui-testing";
		};
/* End PBXNativeTarget section */

/* Begin PBXProject section */
		652FAB6E205C150F009AB880 /* Project object */ = {
			isa = PBXProject;
			attributes = {
				LastSwiftUpdateCheck = 0920;
				LastUpgradeCheck = 0920;
				ORGANIZATIONNAME = "Wilson Campusano";
				TargetAttributes = {
					652FAB75205C150F009AB880 = {
						CreatedOnToolsVersion = 9.2;
						ProvisioningStyle = Automatic;
					};
					652FAB89205C150F009AB880 = {
						CreatedOnToolsVersion = 9.2;
						ProvisioningStyle = Automatic;
						TestTargetID = 652FAB75205C150F009AB880;
					};
					65EFABAF205D3C77007783CE = {
						CreatedOnToolsVersion = 9.2;
						ProvisioningStyle = Automatic;
						TestTargetID = 652FAB75205C150F009AB880;
					};
				};
			};
			buildConfigurationList = 652FAB71205C150F009AB880 /* Build configuration list for PBXProject "FoodTracker" */;
			compatibilityVersion = "Xcode 8.0";
			developmentRegion = en;
			hasScannedForEncodings = 0;
			knownRegions = (
				en,
				Base,
			);
			mainGroup = 652FAB6D205C150F009AB880;
			productRefGroup = 652FAB77205C150F009AB880 /* Products */;
			projectDirPath = "";
			projectRoot = "";
			targets = (
				652FAB75205C150F009AB880 /* FoodTracker */,
				652FAB89205C150F009AB880 /* FoodTrackerTests */,
				65EFABAF205D3C77007783CE /* FoodTrackerUITests */,
			);
		};
/* End PBXProject section */

/* Begin PBXResourcesBuildPhase section */
		652FAB74205C150F009AB880 /* Resources */ = {
			isa = PBXResourcesBuildPhase;
			buildActionMask = 2147483647;
			files = (
				652FAB84205C150F009AB880 /* LaunchScreen.storyboard in Resources */,
				652FAB81205C150F009AB880 /* Assets.xcassets in Resources */,
				65437CFA205E719C00E4D2B1 /* Podfile in Resources */,
				652FAB7F205C150F009AB880 /* Main.storyboard in Resources */,
			);
			runOnlyForDeploymentPostprocessing = 0;
		};
		652FAB88205C150F009AB880 /* Resources */ = {
			isa = PBXResourcesBuildPhase;
			buildActionMask = 2147483647;
			files = (
			);
			runOnlyForDeploymentPostprocessing = 0;
		};
		65EFABAE205D3C77007783CE /* Resources */ = {
			isa = PBXResourcesBuildPhase;
			buildActionMask = 2147483647;
			files = (
			);
			runOnlyForDeploymentPostprocessing = 0;
		};
/* End PBXResourcesBuildPhase section */

/* Begin PBXShellScriptBuildPhase section */
		149F19BAC41478F54CA94999 /* [CP] Embed Pods Frameworks */ = {
			isa = PBXShellScriptBuildPhase;
			buildActionMask = 2147483647;
			files = (
			);
			inputPaths = (
			);
			name = "[CP] Embed Pods Frameworks";
			outputPaths = (
			);
			runOnlyForDeploymentPostprocessing = 0;
			shellPath = /bin/sh;
			shellScript = "\"${SRCROOT}/Pods/Target Support Files/Pods-FoodTracker/Pods-FoodTracker-frameworks.sh\"\n";
			showEnvVarsInLog = 0;
		};
		29A34396966DAAEE9768470F /* [CP] Check Pods Manifest.lock */ = {
			isa = PBXShellScriptBuildPhase;
			buildActionMask = 2147483647;
			files = (
			);
			inputPaths = (
				"${PODS_PODFILE_DIR_PATH}/Podfile.lock",
				"${PODS_ROOT}/Manifest.lock",
			);
			name = "[CP] Check Pods Manifest.lock";
			outputPaths = (
				"$(DERIVED_FILE_DIR)/Pods-FoodTrackerTests-checkManifestLockResult.txt",
			);
			runOnlyForDeploymentPostprocessing = 0;
			shellPath = /bin/sh;
			shellScript = "diff \"${PODS_PODFILE_DIR_PATH}/Podfile.lock\" \"${PODS_ROOT}/Manifest.lock\" > /dev/null\nif [ $? != 0 ] ; then\n    # print error to STDERR\n    echo \"error: The sandbox is not in sync with the Podfile.lock. Run 'pod install' or update your CocoaPods installation.\" >&2\n    exit 1\nfi\n# This output is used by Xcode 'outputs' to avoid re-running this script phase.\necho \"SUCCESS\" > \"${SCRIPT_OUTPUT_FILE_0}\"\n";
			showEnvVarsInLog = 0;
		};
		3EE827FEB61CE60AEA6D71D2 /* [CP] Embed Pods Frameworks */ = {
			isa = PBXShellScriptBuildPhase;
			buildActionMask = 2147483647;
			files = (
			);
			inputPaths = (
			);
			name = "[CP] Embed Pods Frameworks";
			outputPaths = (
			);
			runOnlyForDeploymentPostprocessing = 0;
			shellPath = /bin/sh;
			shellScript = "\"${SRCROOT}/Pods/Target Support Files/Pods-FoodTrackerTests/Pods-FoodTrackerTests-frameworks.sh\"\n";
			showEnvVarsInLog = 0;
		};
		71FEB2B33BA712B67E3BB7E7 /* [CP] Copy Pods Resources */ = {
			isa = PBXShellScriptBuildPhase;
			buildActionMask = 2147483647;
			files = (
			);
			inputPaths = (
			);
			name = "[CP] Copy Pods Resources";
			outputPaths = (
			);
			runOnlyForDeploymentPostprocessing = 0;
			shellPath = /bin/sh;
			shellScript = "\"${SRCROOT}/Pods/Target Support Files/Pods-FoodTrackerTests/Pods-FoodTrackerTests-resources.sh\"\n";
			showEnvVarsInLog = 0;
		};
		AF71D75105589965EA9EC486 /* [CP] Check Pods Manifest.lock */ = {
			isa = PBXShellScriptBuildPhase;
			buildActionMask = 2147483647;
			files = (
			);
			inputPaths = (
				"${PODS_PODFILE_DIR_PATH}/Podfile.lock",
				"${PODS_ROOT}/Manifest.lock",
			);
			name = "[CP] Check Pods Manifest.lock";
			outputPaths = (
				"$(DERIVED_FILE_DIR)/Pods-FoodTracker-checkManifestLockResult.txt",
			);
			runOnlyForDeploymentPostprocessing = 0;
			shellPath = /bin/sh;
			shellScript = "diff \"${PODS_PODFILE_DIR_PATH}/Podfile.lock\" \"${PODS_ROOT}/Manifest.lock\" > /dev/null\nif [ $? != 0 ] ; then\n    # print error to STDERR\n    echo \"error: The sandbox is not in sync with the Podfile.lock. Run 'pod install' or update your CocoaPods installation.\" >&2\n    exit 1\nfi\n# This output is used by Xcode 'outputs' to avoid re-running this script phase.\necho \"SUCCESS\" > \"${SCRIPT_OUTPUT_FILE_0}\"\n";
			showEnvVarsInLog = 0;
		};
		B6459D9A37BD0F04B58CDDFB /* [CP] Embed Pods Frameworks */ = {
			isa = PBXShellScriptBuildPhase;
			buildActionMask = 2147483647;
			files = (
			);
			inputPaths = (
				"${SRCROOT}/Pods/Target Support Files/Pods-FoodTrackerUITests/Pods-FoodTrackerUITests-frameworks.sh",
				"${BUILT_PRODUCTS_DIR}/Nimble/Nimble.framework",
				"${BUILT_PRODUCTS_DIR}/Quick/Quick.framework",
			);
			name = "[CP] Embed Pods Frameworks";
			outputPaths = (
				"${TARGET_BUILD_DIR}/${FRAMEWORKS_FOLDER_PATH}/Nimble.framework",
				"${TARGET_BUILD_DIR}/${FRAMEWORKS_FOLDER_PATH}/Quick.framework",
			);
			runOnlyForDeploymentPostprocessing = 0;
			shellPath = /bin/sh;
			shellScript = "\"${SRCROOT}/Pods/Target Support Files/Pods-FoodTrackerUITests/Pods-FoodTrackerUITests-frameworks.sh\"\n";
			showEnvVarsInLog = 0;
		};
		C2C3F11C809B85DE3C78F86C /* [CP] Check Pods Manifest.lock */ = {
			isa = PBXShellScriptBuildPhase;
			buildActionMask = 2147483647;
			files = (
			);
			inputPaths = (
				"${PODS_PODFILE_DIR_PATH}/Podfile.lock",
				"${PODS_ROOT}/Manifest.lock",
			);
			name = "[CP] Check Pods Manifest.lock";
			outputPaths = (
				"$(DERIVED_FILE_DIR)/Pods-FoodTrackerUITests-checkManifestLockResult.txt",
			);
			runOnlyForDeploymentPostprocessing = 0;
			shellPath = /bin/sh;
			shellScript = "diff \"${PODS_PODFILE_DIR_PATH}/Podfile.lock\" \"${PODS_ROOT}/Manifest.lock\" > /dev/null\nif [ $? != 0 ] ; then\n    # print error to STDERR\n    echo \"error: The sandbox is not in sync with the Podfile.lock. Run 'pod install' or update your CocoaPods installation.\" >&2\n    exit 1\nfi\n# This output is used by Xcode 'outputs' to avoid re-running this script phase.\necho \"SUCCESS\" > \"${SCRIPT_OUTPUT_FILE_0}\"\n";
			showEnvVarsInLog = 0;
		};
		EB2585843FB5F471FB9BDCE5 /* [CP] Copy Pods Resources */ = {
			isa = PBXShellScriptBuildPhase;
			buildActionMask = 2147483647;
			files = (
			);
			inputPaths = (
			);
			name = "[CP] Copy Pods Resources";
			outputPaths = (
			);
			runOnlyForDeploymentPostprocessing = 0;
			shellPath = /bin/sh;
			shellScript = "\"${SRCROOT}/Pods/Target Support Files/Pods-FoodTrackerUITests/Pods-FoodTrackerUITests-resources.sh\"\n";
			showEnvVarsInLog = 0;
		};
		FCE2F04CC628423344EAC855 /* [CP] Copy Pods Resources */ = {
			isa = PBXShellScriptBuildPhase;
			buildActionMask = 2147483647;
			files = (
			);
			inputPaths = (
			);
			name = "[CP] Copy Pods Resources";
			outputPaths = (
			);
			runOnlyForDeploymentPostprocessing = 0;
			shellPath = /bin/sh;
			shellScript = "\"${SRCROOT}/Pods/Target Support Files/Pods-FoodTracker/Pods-FoodTracker-resources.sh\"\n";
			showEnvVarsInLog = 0;
		};
/* End PBXShellScriptBuildPhase section */

/* Begin PBXSourcesBuildPhase section */
		652FAB72205C150F009AB880 /* Sources */ = {
			isa = PBXSourcesBuildPhase;
			buildActionMask = 2147483647;
			files = (
				655B89B620603A030097F0AC /* Meal.swift in Sources */,
				652FAB7C205C150F009AB880 /* ViewController.swift in Sources */,
				65BFEA75205EE30E007CFF94 /* RatingControl.swift in Sources */,
				652FAB7A205C150F009AB880 /* AppDelegate.swift in Sources */,
				654F13EC20615631000B35D9 /* MealTableViewCell.swift in Sources */,
			);
			runOnlyForDeploymentPostprocessing = 0;
		};
		652FAB86205C150F009AB880 /* Sources */ = {
			isa = PBXSourcesBuildPhase;
			buildActionMask = 2147483647;
			files = (
				654F13ED20615631000B35D9 /* MealTableViewCell.swift in Sources */,
				652FAB8F205C150F009AB880 /* FoodTrackerTests.swift in Sources */,
			);
			runOnlyForDeploymentPostprocessing = 0;
		};
		65EFABAC205D3C77007783CE /* Sources */ = {
			isa = PBXSourcesBuildPhase;
			buildActionMask = 2147483647;
			files = (
				65EFABB3205D3C77007783CE /* FoodTrackerUITests.swift in Sources */,
			);
			runOnlyForDeploymentPostprocessing = 0;
		};
/* End PBXSourcesBuildPhase section */

/* Begin PBXTargetDependency section */
		652FAB8C205C150F009AB880 /* PBXTargetDependency */ = {
			isa = PBXTargetDependency;
			target = 652FAB75205C150F009AB880 /* FoodTracker */;
			targetProxy = 652FAB8B205C150F009AB880 /* PBXContainerItemProxy */;
		};
		65EFABB6205D3C77007783CE /* PBXTargetDependency */ = {
			isa = PBXTargetDependency;
			target = 652FAB75205C150F009AB880 /* FoodTracker */;
			targetProxy = 65EFABB5205D3C77007783CE /* PBXContainerItemProxy */;
		};
/* End PBXTargetDependency section */

/* Begin PBXVariantGroup section */
		652FAB7D205C150F009AB880 /* Main.storyboard */ = {
			isa = PBXVariantGroup;
			children = (
				652FAB7E205C150F009AB880 /* Base */,
			);
			name = Main.storyboard;
			sourceTree = "<group>";
		};
		652FAB82205C150F009AB880 /* LaunchScreen.storyboard */ = {
			isa = PBXVariantGroup;
			children = (
				652FAB83205C150F009AB880 /* Base */,
			);
			name = LaunchScreen.storyboard;
			sourceTree = "<group>";
		};
/* End PBXVariantGroup section */

/* Begin XCBuildConfiguration section */
		652FAB91205C150F009AB880 /* Debug */ = {
			isa = XCBuildConfiguration;
			buildSettings = {
				ALWAYS_SEARCH_USER_PATHS = NO;
				CLANG_ANALYZER_NONNULL = YES;
				CLANG_ANALYZER_NUMBER_OBJECT_CONVERSION = YES_AGGRESSIVE;
				CLANG_CXX_LANGUAGE_STANDARD = "gnu++14";
				CLANG_CXX_LIBRARY = "libc++";
				CLANG_ENABLE_MODULES = YES;
				CLANG_ENABLE_OBJC_ARC = YES;
				CLANG_WARN_BLOCK_CAPTURE_AUTORELEASING = YES;
				CLANG_WARN_BOOL_CONVERSION = YES;
				CLANG_WARN_COMMA = YES;
				CLANG_WARN_CONSTANT_CONVERSION = YES;
				CLANG_WARN_DIRECT_OBJC_ISA_USAGE = YES_ERROR;
				CLANG_WARN_DOCUMENTATION_COMMENTS = YES;
				CLANG_WARN_EMPTY_BODY = YES;
				CLANG_WARN_ENUM_CONVERSION = YES;
				CLANG_WARN_INFINITE_RECURSION = YES;
				CLANG_WARN_INT_CONVERSION = YES;
				CLANG_WARN_NON_LITERAL_NULL_CONVERSION = YES;
				CLANG_WARN_OBJC_LITERAL_CONVERSION = YES;
				CLANG_WARN_OBJC_ROOT_CLASS = YES_ERROR;
				CLANG_WARN_RANGE_LOOP_ANALYSIS = YES;
				CLANG_WARN_STRICT_PROTOTYPES = YES;
				CLANG_WARN_SUSPICIOUS_MOVE = YES;
				CLANG_WARN_UNGUARDED_AVAILABILITY = YES_AGGRESSIVE;
				CLANG_WARN_UNREACHABLE_CODE = YES;
				CLANG_WARN__DUPLICATE_METHOD_MATCH = YES;
				CODE_SIGN_IDENTITY = "iPhone Developer";
				COPY_PHASE_STRIP = NO;
				DEBUG_INFORMATION_FORMAT = dwarf;
				ENABLE_STRICT_OBJC_MSGSEND = YES;
				ENABLE_TESTABILITY = YES;
				GCC_C_LANGUAGE_STANDARD = gnu11;
				GCC_DYNAMIC_NO_PIC = NO;
				GCC_NO_COMMON_BLOCKS = YES;
				GCC_OPTIMIZATION_LEVEL = 0;
				GCC_PREPROCESSOR_DEFINITIONS = (
					"DEBUG=1",
					"$(inherited)",
				);
				GCC_WARN_64_TO_32_BIT_CONVERSION = YES;
				GCC_WARN_ABOUT_RETURN_TYPE = YES_ERROR;
				GCC_WARN_UNDECLARED_SELECTOR = YES;
				GCC_WARN_UNINITIALIZED_AUTOS = YES_AGGRESSIVE;
				GCC_WARN_UNUSED_FUNCTION = YES;
				GCC_WARN_UNUSED_VARIABLE = YES;
				IPHONEOS_DEPLOYMENT_TARGET = 11.2;
				MTL_ENABLE_DEBUG_INFO = YES;
				ONLY_ACTIVE_ARCH = YES;
				SDKROOT = iphoneos;
				SWIFT_ACTIVE_COMPILATION_CONDITIONS = DEBUG;
				SWIFT_OPTIMIZATION_LEVEL = "-Onone";
			};
			name = Debug;
		};
		652FAB92205C150F009AB880 /* Release */ = {
			isa = XCBuildConfiguration;
			buildSettings = {
				ALWAYS_SEARCH_USER_PATHS = NO;
				CLANG_ANALYZER_NONNULL = YES;
				CLANG_ANALYZER_NUMBER_OBJECT_CONVERSION = YES_AGGRESSIVE;
				CLANG_CXX_LANGUAGE_STANDARD = "gnu++14";
				CLANG_CXX_LIBRARY = "libc++";
				CLANG_ENABLE_MODULES = YES;
				CLANG_ENABLE_OBJC_ARC = YES;
				CLANG_WARN_BLOCK_CAPTURE_AUTORELEASING = YES;
				CLANG_WARN_BOOL_CONVERSION = YES;
				CLANG_WARN_COMMA = YES;
				CLANG_WARN_CONSTANT_CONVERSION = YES;
				CLANG_WARN_DIRECT_OBJC_ISA_USAGE = YES_ERROR;
				CLANG_WARN_DOCUMENTATION_COMMENTS = YES;
				CLANG_WARN_EMPTY_BODY = YES;
				CLANG_WARN_ENUM_CONVERSION = YES;
				CLANG_WARN_INFINITE_RECURSION = YES;
				CLANG_WARN_INT_CONVERSION = YES;
				CLANG_WARN_NON_LITERAL_NULL_CONVERSION = YES;
				CLANG_WARN_OBJC_LITERAL_CONVERSION = YES;
				CLANG_WARN_OBJC_ROOT_CLASS = YES_ERROR;
				CLANG_WARN_RANGE_LOOP_ANALYSIS = YES;
				CLANG_WARN_STRICT_PROTOTYPES = YES;
				CLANG_WARN_SUSPICIOUS_MOVE = YES;
				CLANG_WARN_UNGUARDED_AVAILABILITY = YES_AGGRESSIVE;
				CLANG_WARN_UNREACHABLE_CODE = YES;
				CLANG_WARN__DUPLICATE_METHOD_MATCH = YES;
				CODE_SIGN_IDENTITY = "iPhone Developer";
				COPY_PHASE_STRIP = NO;
				DEBUG_INFORMATION_FORMAT = "dwarf-with-dsym";
				ENABLE_NS_ASSERTIONS = NO;
				ENABLE_STRICT_OBJC_MSGSEND = YES;
				GCC_C_LANGUAGE_STANDARD = gnu11;
				GCC_NO_COMMON_BLOCKS = YES;
				GCC_WARN_64_TO_32_BIT_CONVERSION = YES;
				GCC_WARN_ABOUT_RETURN_TYPE = YES_ERROR;
				GCC_WARN_UNDECLARED_SELECTOR = YES;
				GCC_WARN_UNINITIALIZED_AUTOS = YES_AGGRESSIVE;
				GCC_WARN_UNUSED_FUNCTION = YES;
				GCC_WARN_UNUSED_VARIABLE = YES;
				IPHONEOS_DEPLOYMENT_TARGET = 11.2;
				MTL_ENABLE_DEBUG_INFO = NO;
				SDKROOT = iphoneos;
				SWIFT_OPTIMIZATION_LEVEL = "-Owholemodule";
				VALIDATE_PRODUCT = YES;
			};
			name = Release;
		};
		652FAB94205C150F009AB880 /* Debug */ = {
			isa = XCBuildConfiguration;
			baseConfigurationReference = C5895B6C27DBB4CFC449D492 /* Pods-FoodTracker.debug.xcconfig */;
			buildSettings = {
				ASSETCATALOG_COMPILER_APPICON_NAME = AppIcon;
				CODE_SIGN_STYLE = Automatic;
				DEVELOPMENT_TEAM = KZ4GSL3Y3K;
				INFOPLIST_FILE = FoodTracker/Info.plist;
				LD_RUNPATH_SEARCH_PATHS = "$(inherited) @executable_path/Frameworks";
				PRODUCT_BUNDLE_IDENTIFIER = com.wilcage.FoodTracker;
				PRODUCT_NAME = "$(TARGET_NAME)";
				SWIFT_VERSION = 4.0;
				TARGETED_DEVICE_FAMILY = "1,2";
			};
			name = Debug;
		};
		652FAB95205C150F009AB880 /* Release */ = {
			isa = XCBuildConfiguration;
			baseConfigurationReference = BA9928214F73FE1F263C1C9A /* Pods-FoodTracker.release.xcconfig */;
			buildSettings = {
				ASSETCATALOG_COMPILER_APPICON_NAME = AppIcon;
				CODE_SIGN_STYLE = Automatic;
				DEVELOPMENT_TEAM = KZ4GSL3Y3K;
				INFOPLIST_FILE = FoodTracker/Info.plist;
				LD_RUNPATH_SEARCH_PATHS = "$(inherited) @executable_path/Frameworks";
				PRODUCT_BUNDLE_IDENTIFIER = com.wilcage.FoodTracker;
				PRODUCT_NAME = "$(TARGET_NAME)";
				SWIFT_VERSION = 4.0;
				TARGETED_DEVICE_FAMILY = "1,2";
			};
			name = Release;
		};
		652FAB97205C150F009AB880 /* Debug */ = {
			isa = XCBuildConfiguration;
			baseConfigurationReference = 15CA51ED90DCED4F2B3968A7 /* Pods-FoodTrackerTests.debug.xcconfig */;
			buildSettings = {
				ALWAYS_EMBED_SWIFT_STANDARD_LIBRARIES = YES;
				BUNDLE_LOADER = "$(TEST_HOST)";
				CODE_SIGN_STYLE = Automatic;
				DEVELOPMENT_TEAM = KZ4GSL3Y3K;
				INFOPLIST_FILE = FoodTrackerTests/Info.plist;
				LD_RUNPATH_SEARCH_PATHS = "$(inherited) @executable_path/Frameworks @loader_path/Frameworks";
				PRODUCT_BUNDLE_IDENTIFIER = com.wilcage.FoodTrackerTests;
				PRODUCT_NAME = "$(TARGET_NAME)";
				SWIFT_VERSION = 4.0;
				TARGETED_DEVICE_FAMILY = "1,2";
				TEST_HOST = "$(BUILT_PRODUCTS_DIR)/FoodTracker.app/FoodTracker";
			};
			name = Debug;
		};
		652FAB98205C150F009AB880 /* Release */ = {
			isa = XCBuildConfiguration;
			baseConfigurationReference = 514E54277A561AB422B85C92 /* Pods-FoodTrackerTests.release.xcconfig */;
			buildSettings = {
				ALWAYS_EMBED_SWIFT_STANDARD_LIBRARIES = YES;
				BUNDLE_LOADER = "$(TEST_HOST)";
				CODE_SIGN_STYLE = Automatic;
				DEVELOPMENT_TEAM = KZ4GSL3Y3K;
				INFOPLIST_FILE = FoodTrackerTests/Info.plist;
				LD_RUNPATH_SEARCH_PATHS = "$(inherited) @executable_path/Frameworks @loader_path/Frameworks";
				PRODUCT_BUNDLE_IDENTIFIER = com.wilcage.FoodTrackerTests;
				PRODUCT_NAME = "$(TARGET_NAME)";
				SWIFT_VERSION = 4.0;
				TARGETED_DEVICE_FAMILY = "1,2";
				TEST_HOST = "$(BUILT_PRODUCTS_DIR)/FoodTracker.app/FoodTracker";
			};
			name = Release;
		};
		65EFABB7205D3C77007783CE /* Debug */ = {
			isa = XCBuildConfiguration;
			baseConfigurationReference = 071B7D8C96919BECF7C08A97 /* Pods-FoodTrackerUITests.debug.xcconfig */;
			buildSettings = {
				CODE_SIGN_STYLE = Automatic;
				DEVELOPMENT_TEAM = KZ4GSL3Y3K;
				INFOPLIST_FILE = FoodTrackerUITests/Info.plist;
				LD_RUNPATH_SEARCH_PATHS = "$(inherited) @executable_path/Frameworks @loader_path/Frameworks";
				PRODUCT_BUNDLE_IDENTIFIER = com.wilcage.FoodTrackerUITests;
				PRODUCT_NAME = "$(TARGET_NAME)";
				SWIFT_VERSION = 4.0;
				TARGETED_DEVICE_FAMILY = "1,2";
				TEST_TARGET_NAME = FoodTracker;
			};
			name = Debug;
		};
		65EFABB8205D3C77007783CE /* Release */ = {
			isa = XCBuildConfiguration;
			baseConfigurationReference = 5AF1906422CE4CAA8B311B6A /* Pods-FoodTrackerUITests.release.xcconfig */;
			buildSettings = {
				CODE_SIGN_STYLE = Automatic;
				DEVELOPMENT_TEAM = KZ4GSL3Y3K;
				INFOPLIST_FILE = FoodTrackerUITests/Info.plist;
				LD_RUNPATH_SEARCH_PATHS = "$(inherited) @executable_path/Frameworks @loader_path/Frameworks";
				PRODUCT_BUNDLE_IDENTIFIER = com.wilcage.FoodTrackerUITests;
				PRODUCT_NAME = "$(TARGET_NAME)";
				SWIFT_VERSION = 4.0;
				TARGETED_DEVICE_FAMILY = "1,2";
				TEST_TARGET_NAME = FoodTracker;
			};
			name = Release;
		};
/* End XCBuildConfiguration section */

/* Begin XCConfigurationList section */
		652FAB71205C150F009AB880 /* Build configuration list for PBXProject "FoodTracker" */ = {
			isa = XCConfigurationList;
			buildConfigurations = (
				652FAB91205C150F009AB880 /* Debug */,
				652FAB92205C150F009AB880 /* Release */,
			);
			defaultConfigurationIsVisible = 0;
			defaultConfigurationName = Release;
		};
		652FAB93205C150F009AB880 /* Build configuration list for PBXNativeTarget "FoodTracker" */ = {
			isa = XCConfigurationList;
			buildConfigurations = (
				652FAB94205C150F009AB880 /* Debug */,
				652FAB95205C150F009AB880 /* Release */,
			);
			defaultConfigurationIsVisible = 0;
			defaultConfigurationName = Release;
		};
		652FAB96205C150F009AB880 /* Build configuration list for PBXNativeTarget "FoodTrackerTests" */ = {
			isa = XCConfigurationList;
			buildConfigurations = (
				652FAB97205C150F009AB880 /* Debug */,
				652FAB98205C150F009AB880 /* Release */,
			);
			defaultConfigurationIsVisible = 0;
			defaultConfigurationName = Release;
		};
		65EFABB9205D3C77007783CE /* Build configuration list for PBXNativeTarget "FoodTrackerUITests" */ = {
			isa = XCConfigurationList;
			buildConfigurations = (
				65EFABB7205D3C77007783CE /* Debug */,
				65EFABB8205D3C77007783CE /* Release */,
			);
			defaultConfigurationIsVisible = 0;
			defaultConfigurationName = Release;
		};
/* End XCConfigurationList section */
	};
	rootObject = 652FAB6E205C150F009AB880 /* Project object */;
}
